
Microsoft Visual Studio Solution File, Format Version 12.00
# Visual Studio Version 16
VisualStudioVersion = 16.0.30804.86
MinimumVisualStudioVersion = 10.0.40219.1
Project("{FAE04EC0-301F-11D3-BF4B-00C04F79EFBC}") = "Choice21.API.Rest", "Choice21.API.Rest\Choice21.API.Rest.csproj", "{DC36169A-809F-472D-9D97-95565E82ABF8}"
EndProject
Global
	GlobalSection(SolutionConfigurationPlatforms) = preSolution
		Debug|Any CPU = Debug|Any CPU
		Release|Any CPU = Release|Any CPU
	EndGlobalSection
	GlobalSection(ProjectConfigurationPlatforms) = postSolution
		{DC36169A-809F-472D-9D97-95565E82ABF8}.Debug|Any CPU.ActiveCfg = Debug|Any CPU
		{DC36169A-809F-472D-9D97-95565E82ABF8}.Debug|Any CPU.Build.0 = Debug|Any CPU
		{DC36169A-809F-472D-9D97-95565E82ABF8}.Release|Any CPU.ActiveCfg = Release|Any CPU
		{DC36169A-809F-472D-9D97-95565E82ABF8}.Release|Any CPU.Build.0 = Release|Any CPU
	EndGlobalSection
	GlobalSection(SolutionProperties) = preSolution
		HideSolutionNode = FALSE
	EndGlobalSection
	GlobalSection(ExtensibilityGlobals) = postSolution
		SolutionGuid = {270DCA25-1E28-4379-973C-A2A34F407199}
	EndGlobalSection
EndGlobal
